
Microsoft Visual Studio Solution File, Format Version 12.00
# Visual Studio 14
VisualStudioVersion = 14.0.25420.1
MinimumVisualStudioVersion = 10.0.40219.1
Project("{FAE04EC0-301F-11D3-BF4B-00C04F79EFBC}") = "CYC.DigitalHub.Common.LuceneEntitySearchTools", "CYC.DigitalHub.Common.LuceneEntitySearchTools\CYC.DigitalHub.Common.LuceneEntitySearchTools.csproj", "{90A6D783-6F45-44A7-B9A0-0F002CA25A9E}"
EndProject
Project("{FAE04EC0-301F-11D3-BF4B-00C04F79EFBC}") = "CYC.DigitalHub.Common.LuceneEntitySearchTools.Tests", "CYC.DigitalHub.Common.LuceneEntitySearchTools.Tests\CYC.DigitalHub.Common.LuceneEntitySearchTools.Tests.csproj", "{B5B731C4-E74E-47C7-978D-848EAF3B5044}"
EndProject
Global
	GlobalSection(SolutionConfigurationPlatforms) = preSolution
		Debug|Any CPU = Debug|Any CPU
		Release|Any CPU = Release|Any CPU
	EndGlobalSection
	GlobalSection(ProjectConfigurationPlatforms) = postSolution
		{90A6D783-6F45-44A7-B9A0-0F002CA25A9E}.Debug|Any CPU.ActiveCfg = Debug|Any CPU
		{90A6D783-6F45-44A7-B9A0-0F002CA25A9E}.Debug|Any CPU.Build.0 = Debug|Any CPU
		{90A6D783-6F45-44A7-B9A0-0F002CA25A9E}.Release|Any CPU.ActiveCfg = Release|Any CPU
		{90A6D783-6F45-44A7-B9A0-0F002CA25A9E}.Release|Any CPU.Build.0 = Release|Any CPU
		{B5B731C4-E74E-47C7-978D-848EAF3B5044}.Debug|Any CPU.ActiveCfg = Debug|Any CPU
		{B5B731C4-E74E-47C7-978D-848EAF3B5044}.Debug|Any CPU.Build.0 = Debug|Any CPU
		{B5B731C4-E74E-47C7-978D-848EAF3B5044}.Release|Any CPU.ActiveCfg = Release|Any CPU
		{B5B731C4-E74E-47C7-978D-848EAF3B5044}.Release|Any CPU.Build.0 = Release|Any CPU
	EndGlobalSection
	GlobalSection(SolutionProperties) = preSolution
		HideSolutionNode = FALSE
	EndGlobalSection
	GlobalSection(TeamFoundationVersionControl) = preSolution
		SccNumberOfProjects = 3
		SccEnterpriseProvider = {4CA58AB2-18FA-4F8D-95D4-32DDF27D184C}
		SccTeamFoundationServer = https://digitalhubyork.visualstudio.com/
		SccLocalPath0 = .
		SccProjectUniqueName1 = CYC.DigitalHub.Common.LuceneEntitySearchTools.Tests\\CYC.DigitalHub.Common.LuceneEntitySearchTools.Tests.csproj
		SccProjectName1 = CYC.DigitalHub.Common.LuceneEntitySearchTools.Tests
		SccLocalPath1 = CYC.DigitalHub.Common.LuceneEntitySearchTools.Tests
		SccProjectUniqueName2 = CYC.DigitalHub.Common.LuceneEntitySearchTools\\CYC.DigitalHub.Common.LuceneEntitySearchTools.csproj
		SccProjectName2 = CYC.DigitalHub.Common.LuceneEntitySearchTools
		SccLocalPath2 = CYC.DigitalHub.Common.LuceneEntitySearchTools
	EndGlobalSection
EndGlobal
